{
  "name": "frontend",
  "lockfileVersion": 3,
  "requires": true,
  "packages": {
    "": {
      "dependencies": {
        "uikit": "^3.16.22"
      }
    },
    "node_modules/uikit": {
      "version": "3.16.22",
      "resolved": "https://registry.npmjs.org/uikit/-/uikit-3.16.22.tgz",
      "integrity": "sha512-zzzqCDZdJV7oeHccfUaDAx7n96HlooiTirmxk3uI8N7CEn1Gj89CumgSx/dhgPsqPRlnFZ+6gIBA9ZpFhy5Qjg=="
    }
  }
}
